// !$*UTF8*$!
{
	archiveVersion = 1;
	classes = {
	};
	objectVersion = 52;
	objects = {

/* Begin PBXBuildFile section */
		3703D60F2378FEA100C40422 /* Notifications.swift in Sources */ = {isa = PBXBuildFile; fileRef = 3703D60E2378FEA100C40422 /* Notifications.swift */; };
		3703D6102378FEA100C40422 /* Notifications.swift in Sources */ = {isa = PBXBuildFile; fileRef = 3703D60E2378FEA100C40422 /* Notifications.swift */; };
		3703D6122379097800C40422 /* EditView.swift in Sources */ = {isa = PBXBuildFile; fileRef = 3703D6112379097800C40422 /* EditView.swift */; };
		3703D6132379097800C40422 /* EditView.swift in Sources */ = {isa = PBXBuildFile; fileRef = 3703D6112379097800C40422 /* EditView.swift */; };
		378FCCF0236BAA2E00F311FA /* ItemView.swift in Sources */ = {isa = PBXBuildFile; fileRef = 378FCCEF236BAA2E00F311FA /* ItemView.swift */; };
		378FCCF2236BABEE00F311FA /* ItemList.swift in Sources */ = {isa = PBXBuildFile; fileRef = 378FCCF1236BABEE00F311FA /* ItemList.swift */; };
		378FCCF4236BEB1A00F311FA /* CloudKit.framework in Frameworks */ = {isa = PBXBuildFile; fileRef = 378FCCF3236BEB1A00F311FA /* CloudKit.framework */; };
		378FCCF5236BEB3C00F311FA /* CloudKit.framework in Frameworks */ = {isa = PBXBuildFile; fileRef = 378FCCF3236BEB1A00F311FA /* CloudKit.framework */; };
		37D08695234D5E4800E39269 /* AppDelegate.swift in Sources */ = {isa = PBXBuildFile; fileRef = 37D08694234D5E4800E39269 /* AppDelegate.swift */; };
		37D08697234D5E4800E39269 /* SceneDelegate.swift in Sources */ = {isa = PBXBuildFile; fileRef = 37D08696234D5E4800E39269 /* SceneDelegate.swift */; };
		37D0869C234D5E4800E39269 /* ContentView.swift in Sources */ = {isa = PBXBuildFile; fileRef = 37D0869B234D5E4800E39269 /* ContentView.swift */; };
		37D0869E234D5E4C00E39269 /* Assets.xcassets in Resources */ = {isa = PBXBuildFile; fileRef = 37D0869D234D5E4C00E39269 /* Assets.xcassets */; };
		37D086A1234D5E4C00E39269 /* Preview Assets.xcassets in Resources */ = {isa = PBXBuildFile; fileRef = 37D086A0234D5E4C00E39269 /* Preview Assets.xcassets */; };
		37D086A4234D5E4C00E39269 /* LaunchScreen.storyboard in Resources */ = {isa = PBXBuildFile; fileRef = 37D086A2234D5E4C00E39269 /* LaunchScreen.storyboard */; };
		37D086B1234D6CE000E39269 /* GRDB in Frameworks */ = {isa = PBXBuildFile; productRef = 37D086B0234D6CE000E39269 /* GRDB */; };
		37D086B3234D6CFD00E39269 /* Db.swift in Sources */ = {isa = PBXBuildFile; fileRef = 37D086B2234D6CFD00E39269 /* Db.swift */; };
		37D086BE234D87DD00E39269 /* NotificationCenter.framework in Frameworks */ = {isa = PBXBuildFile; fileRef = 37D086BD234D87DD00E39269 /* NotificationCenter.framework */; };
		37D086C1234D87DD00E39269 /* TodayViewController.swift in Sources */ = {isa = PBXBuildFile; fileRef = 37D086C0234D87DD00E39269 /* TodayViewController.swift */; };
		37D086C4234D87DD00E39269 /* MainInterface.storyboard in Resources */ = {isa = PBXBuildFile; fileRef = 37D086C2234D87DD00E39269 /* MainInterface.storyboard */; };
		37D086C8234D87DD00E39269 /* pills widget.appex in Embed App Extensions */ = {isa = PBXBuildFile; fileRef = 37D086BB234D87DD00E39269 /* pills widget.appex */; settings = {ATTRIBUTES = (RemoveHeadersOnCopy, ); }; };
		37D086CD234D883F00E39269 /* Db.swift in Sources */ = {isa = PBXBuildFile; fileRef = 37D086B2234D6CFD00E39269 /* Db.swift */; };
		37D086CF234D885F00E39269 /* GRDB in Frameworks */ = {isa = PBXBuildFile; productRef = 37D086CE234D885F00E39269 /* GRDB */; };
		6D5F64D3F7D78917A169C05F /* Pods_pills.framework in Frameworks */ = {isa = PBXBuildFile; fileRef = 5F3908F47AD7DC26678B91B1 /* Pods_pills.framework */; };
		BC2D936694D8AB83F5F8A080 /* Pods_widget.framework in Frameworks */ = {isa = PBXBuildFile; fileRef = D2DFD5D32CF3B5B1DDC135A5 /* Pods_widget.framework */; };
/* End PBXBuildFile section */

/* Begin PBXContainerItemProxy section */
		37D086C6234D87DD00E39269 /* PBXContainerItemProxy */ = {
			isa = PBXContainerItemProxy;
			containerPortal = 37D08689234D5E4800E39269 /* Project object */;
			proxyType = 1;
			remoteGlobalIDString = 37D086BA234D87DD00E39269;
			remoteInfo = widget;
		};
/* End PBXContainerItemProxy section */

/* Begin PBXCopyFilesBuildPhase section */
		37D086CC234D87DD00E39269 /* Embed App Extensions */ = {
			isa = PBXCopyFilesBuildPhase;
			buildActionMask = 2147483647;
			dstPath = "";
			dstSubfolderSpec = 13;
			files = (
				37D086C8234D87DD00E39269 /* pills widget.appex in Embed App Extensions */,
			);
			name = "Embed App Extensions";
			runOnlyForDeploymentPostprocessing = 0;
		};
/* End PBXCopyFilesBuildPhase section */

/* Begin PBXFileReference section */
		1CB3A6814A6D60320CAE66BD /* Pods-pills.debug.xcconfig */ = {isa = PBXFileReference; includeInIndex = 1; lastKnownFileType = text.xcconfig; name = "Pods-pills.debug.xcconfig"; path = "Target Support Files/Pods-pills/Pods-pills.debug.xcconfig"; sourceTree = "<group>"; };
		3703D60E2378FEA100C40422 /* Notifications.swift */ = {isa = PBXFileReference; lastKnownFileType = sourcecode.swift; path = Notifications.swift; sourceTree = "<group>"; };
		3703D6112379097800C40422 /* EditView.swift */ = {isa = PBXFileReference; lastKnownFileType = sourcecode.swift; path = EditView.swift; sourceTree = "<group>"; };
		378FCCEF236BAA2E00F311FA /* ItemView.swift */ = {isa = PBXFileReference; lastKnownFileType = sourcecode.swift; path = ItemView.swift; sourceTree = "<group>"; };
		378FCCF1236BABEE00F311FA /* ItemList.swift */ = {isa = PBXFileReference; lastKnownFileType = sourcecode.swift; path = ItemList.swift; sourceTree = "<group>"; };
		378FCCF3236BEB1A00F311FA /* CloudKit.framework */ = {isa = PBXFileReference; lastKnownFileType = wrapper.framework; name = CloudKit.framework; path = System/Library/Frameworks/CloudKit.framework; sourceTree = SDKROOT; };
		37D08691234D5E4800E39269 /* pills.app */ = {isa = PBXFileReference; explicitFileType = wrapper.application; includeInIndex = 0; path = pills.app; sourceTree = BUILT_PRODUCTS_DIR; };
		37D08694234D5E4800E39269 /* AppDelegate.swift */ = {isa = PBXFileReference; lastKnownFileType = sourcecode.swift; path = AppDelegate.swift; sourceTree = "<group>"; };
		37D08696234D5E4800E39269 /* SceneDelegate.swift */ = {isa = PBXFileReference; lastKnownFileType = sourcecode.swift; path = SceneDelegate.swift; sourceTree = "<group>"; };
		37D0869B234D5E4800E39269 /* ContentView.swift */ = {isa = PBXFileReference; lastKnownFileType = sourcecode.swift; path = ContentView.swift; sourceTree = "<group>"; };
		37D0869D234D5E4C00E39269 /* Assets.xcassets */ = {isa = PBXFileReference; lastKnownFileType = folder.assetcatalog; path = Assets.xcassets; sourceTree = "<group>"; };
		37D086A0234D5E4C00E39269 /* Preview Assets.xcassets */ = {isa = PBXFileReference; lastKnownFileType = folder.assetcatalog; path = "Preview Assets.xcassets"; sourceTree = "<group>"; };
		37D086A3234D5E4C00E39269 /* Base */ = {isa = PBXFileReference; lastKnownFileType = file.storyboard; name = Base; path = Base.lproj/LaunchScreen.storyboard; sourceTree = "<group>"; };
		37D086A5234D5E4C00E39269 /* Info.plist */ = {isa = PBXFileReference; lastKnownFileType = text.plist.xml; path = Info.plist; sourceTree = "<group>"; };
		37D086B2234D6CFD00E39269 /* Db.swift */ = {isa = PBXFileReference; lastKnownFileType = sourcecode.swift; path = Db.swift; sourceTree = "<group>"; };
		37D086BB234D87DD00E39269 /* pills widget.appex */ = {isa = PBXFileReference; explicitFileType = "wrapper.app-extension"; includeInIndex = 0; path = "pills widget.appex"; sourceTree = BUILT_PRODUCTS_DIR; };
		37D086BD234D87DD00E39269 /* NotificationCenter.framework */ = {isa = PBXFileReference; lastKnownFileType = wrapper.framework; name = NotificationCenter.framework; path = System/Library/Frameworks/NotificationCenter.framework; sourceTree = SDKROOT; };
		37D086C0234D87DD00E39269 /* TodayViewController.swift */ = {isa = PBXFileReference; lastKnownFileType = sourcecode.swift; path = TodayViewController.swift; sourceTree = "<group>"; };
		37D086C3234D87DD00E39269 /* Base */ = {isa = PBXFileReference; lastKnownFileType = file.storyboard; name = Base; path = Base.lproj/MainInterface.storyboard; sourceTree = "<group>"; };
		37D086C5234D87DD00E39269 /* Info.plist */ = {isa = PBXFileReference; lastKnownFileType = text.plist.xml; path = Info.plist; sourceTree = "<group>"; };
		37D086D2234D8B9C00E39269 /* pills.entitlements */ = {isa = PBXFileReference; lastKnownFileType = text.plist.entitlements; path = pills.entitlements; sourceTree = "<group>"; };
		37D086D3234D8BB600E39269 /* pillswidget.entitlements */ = {isa = PBXFileReference; lastKnownFileType = text.plist.entitlements; path = pillswidget.entitlements; sourceTree = "<group>"; };
		5F3908F47AD7DC26678B91B1 /* Pods_pills.framework */ = {isa = PBXFileReference; explicitFileType = wrapper.framework; includeInIndex = 0; path = Pods_pills.framework; sourceTree = BUILT_PRODUCTS_DIR; };
		64B6A2275D57843FF4A8F310 /* Pods-pills.release.xcconfig */ = {isa = PBXFileReference; includeInIndex = 1; lastKnownFileType = text.xcconfig; name = "Pods-pills.release.xcconfig"; path = "Target Support Files/Pods-pills/Pods-pills.release.xcconfig"; sourceTree = "<group>"; };
		A04ABF789ABC27BB4C810C91 /* Pods-widget.debug.xcconfig */ = {isa = PBXFileReference; includeInIndex = 1; lastKnownFileType = text.xcconfig; name = "Pods-widget.debug.xcconfig"; path = "Target Support Files/Pods-widget/Pods-widget.debug.xcconfig"; sourceTree = "<group>"; };
		CE48B229BB3B8BEAD0882255 /* Pods-widget.release.xcconfig */ = {isa = PBXFileReference; includeInIndex = 1; lastKnownFileType = text.xcconfig; name = "Pods-widget.release.xcconfig"; path = "Target Support Files/Pods-widget/Pods-widget.release.xcconfig"; sourceTree = "<group>"; };
		D2DFD5D32CF3B5B1DDC135A5 /* Pods_widget.framework */ = {isa = PBXFileReference; explicitFileType = wrapper.framework; includeInIndex = 0; path = Pods_widget.framework; sourceTree = BUILT_PRODUCTS_DIR; };
/* End PBXFileReference section */

/* Begin PBXFrameworksBuildPhase section */
		37D0868E234D5E4800E39269 /* Frameworks */ = {
			isa = PBXFrameworksBuildPhase;
			buildActionMask = 2147483647;
			files = (
				378FCCF4236BEB1A00F311FA /* CloudKit.framework in Frameworks */,
				37D086B1234D6CE000E39269 /* GRDB in Frameworks */,
				6D5F64D3F7D78917A169C05F /* Pods_pills.framework in Frameworks */,
			);
			runOnlyForDeploymentPostprocessing = 0;
		};
		37D086B8234D87DD00E39269 /* Frameworks */ = {
			isa = PBXFrameworksBuildPhase;
			buildActionMask = 2147483647;
			files = (
				37D086BE234D87DD00E39269 /* NotificationCenter.framework in Frameworks */,
				378FCCF5236BEB3C00F311FA /* CloudKit.framework in Frameworks */,
				37D086CF234D885F00E39269 /* GRDB in Frameworks */,
				BC2D936694D8AB83F5F8A080 /* Pods_widget.framework in Frameworks */,
			);
			runOnlyForDeploymentPostprocessing = 0;
		};
/* End PBXFrameworksBuildPhase section */

/* Begin PBXGroup section */
		37D08688234D5E4800E39269 = {
			isa = PBXGroup;
			children = (
				37D08693234D5E4800E39269 /* pills */,
				37D086BF234D87DD00E39269 /* widget */,
				37D086BC234D87DD00E39269 /* Frameworks */,
				37D08692234D5E4800E39269 /* Products */,
				3AA5C6B1933E395993D43318 /* Pods */,
			);
			sourceTree = "<group>";
		};
		37D08692234D5E4800E39269 /* Products */ = {
			isa = PBXGroup;
			children = (
				37D08691234D5E4800E39269 /* pills.app */,
				37D086BB234D87DD00E39269 /* pills widget.appex */,
			);
			name = Products;
			sourceTree = "<group>";
		};
		37D08693234D5E4800E39269 /* pills */ = {
			isa = PBXGroup;
			children = (
				37D086D2234D8B9C00E39269 /* pills.entitlements */,
				37D08694234D5E4800E39269 /* AppDelegate.swift */,
				37D08696234D5E4800E39269 /* SceneDelegate.swift */,
				37D0869B234D5E4800E39269 /* ContentView.swift */,
				378FCCEF236BAA2E00F311FA /* ItemView.swift */,
				3703D6112379097800C40422 /* EditView.swift */,
				37D0869D234D5E4C00E39269 /* Assets.xcassets */,
				37D086A2234D5E4C00E39269 /* LaunchScreen.storyboard */,
				37D086A5234D5E4C00E39269 /* Info.plist */,
				37D0869F234D5E4C00E39269 /* Preview Content */,
				37D086B2234D6CFD00E39269 /* Db.swift */,
				378FCCF1236BABEE00F311FA /* ItemList.swift */,
				3703D60E2378FEA100C40422 /* Notifications.swift */,
			);
			path = pills;
			sourceTree = "<group>";
		};
		37D0869F234D5E4C00E39269 /* Preview Content */ = {
			isa = PBXGroup;
			children = (
				37D086A0234D5E4C00E39269 /* Preview Assets.xcassets */,
			);
			path = "Preview Content";
			sourceTree = "<group>";
		};
		37D086BC234D87DD00E39269 /* Frameworks */ = {
			isa = PBXGroup;
			children = (
				378FCCF3236BEB1A00F311FA /* CloudKit.framework */,
				37D086BD234D87DD00E39269 /* NotificationCenter.framework */,
				5F3908F47AD7DC26678B91B1 /* Pods_pills.framework */,
				D2DFD5D32CF3B5B1DDC135A5 /* Pods_widget.framework */,
			);
			name = Frameworks;
			sourceTree = "<group>";
		};
		37D086BF234D87DD00E39269 /* widget */ = {
			isa = PBXGroup;
			children = (
				37D086D3234D8BB600E39269 /* pillswidget.entitlements */,
				37D086C0234D87DD00E39269 /* TodayViewController.swift */,
				37D086C2234D87DD00E39269 /* MainInterface.storyboard */,
				37D086C5234D87DD00E39269 /* Info.plist */,
			);
			path = widget;
			sourceTree = "<group>";
		};
		3AA5C6B1933E395993D43318 /* Pods */ = {
			isa = PBXGroup;
			children = (
				1CB3A6814A6D60320CAE66BD /* Pods-pills.debug.xcconfig */,
				64B6A2275D57843FF4A8F310 /* Pods-pills.release.xcconfig */,
				A04ABF789ABC27BB4C810C91 /* Pods-widget.debug.xcconfig */,
				CE48B229BB3B8BEAD0882255 /* Pods-widget.release.xcconfig */,
			);
			path = Pods;
			sourceTree = "<group>";
		};
/* End PBXGroup section */

/* Begin PBXNativeTarget section */
		37D08690234D5E4800E39269 /* pills */ = {
			isa = PBXNativeTarget;
			buildConfigurationList = 37D086A8234D5E4C00E39269 /* Build configuration list for PBXNativeTarget "pills" */;
			buildPhases = (
				6FD9032E90B560ED7D6BA780 /* [CP] Check Pods Manifest.lock */,
				37D0868D234D5E4800E39269 /* Sources */,
				37D0868E234D5E4800E39269 /* Frameworks */,
				37D0868F234D5E4800E39269 /* Resources */,
				37D086CC234D87DD00E39269 /* Embed App Extensions */,
				84A930CD51AC717892B93FBF /* [CP] Embed Pods Frameworks */,
			);
			buildRules = (
			);
			dependencies = (
				37D086C7234D87DD00E39269 /* PBXTargetDependency */,
			);
			name = pills;
			packageProductDependencies = (
				37D086B0234D6CE000E39269 /* GRDB */,
			);
			productName = pills;
			productReference = 37D08691234D5E4800E39269 /* pills.app */;
			productType = "com.apple.product-type.application";
		};
		37D086BA234D87DD00E39269 /* widget */ = {
			isa = PBXNativeTarget;
			buildConfigurationList = 37D086C9234D87DD00E39269 /* Build configuration list for PBXNativeTarget "widget" */;
			buildPhases = (
				4CBF945C8BB4D315C32E3026 /* [CP] Check Pods Manifest.lock */,
				37D086B7234D87DD00E39269 /* Sources */,
				37D086B8234D87DD00E39269 /* Frameworks */,
				37D086B9234D87DD00E39269 /* Resources */,
			);
			buildRules = (
			);
			dependencies = (
			);
			name = widget;
			packageProductDependencies = (
				37D086CE234D885F00E39269 /* GRDB */,
			);
			productName = widget;
			productReference = 37D086BB234D87DD00E39269 /* pills widget.appex */;
			productType = "com.apple.product-type.app-extension";
		};
/* End PBXNativeTarget section */

/* Begin PBXProject section */
		37D08689234D5E4800E39269 /* Project object */ = {
			isa = PBXProject;
			attributes = {
				LastSwiftUpdateCheck = 1110;
				LastUpgradeCheck = 1110;
				ORGANIZATIONNAME = dan;
				TargetAttributes = {
					37D08690234D5E4800E39269 = {
						CreatedOnToolsVersion = 11.1;
					};
					37D086BA234D87DD00E39269 = {
						CreatedOnToolsVersion = 11.1;
					};
				};
			};
			buildConfigurationList = 37D0868C234D5E4800E39269 /* Build configuration list for PBXProject "pills" */;
			compatibilityVersion = "Xcode 9.3";
			developmentRegion = en;
			hasScannedForEncodings = 0;
			knownRegions = (
				en,
				Base,
			);
			mainGroup = 37D08688234D5E4800E39269;
			packageReferences = (
				37D086AF234D6CE000E39269 /* XCRemoteSwiftPackageReference "GRDB.swift" */,
				37D086B4234D73B200E39269 /* XCRemoteSwiftPackageReference "SwiftDate" */,
			);
			productRefGroup = 37D08692234D5E4800E39269 /* Products */;
			projectDirPath = "";
			projectRoot = "";
			targets = (
				37D08690234D5E4800E39269 /* pills */,
				37D086BA234D87DD00E39269 /* widget */,
			);
		};
/* End PBXProject section */

/* Begin PBXResourcesBuildPhase section */
		37D0868F234D5E4800E39269 /* Resources */ = {
			isa = PBXResourcesBuildPhase;
			buildActionMask = 2147483647;
			files = (
				37D086A4234D5E4C00E39269 /* LaunchScreen.storyboard in Resources */,
				37D086A1234D5E4C00E39269 /* Preview Assets.xcassets in Resources */,
				37D0869E234D5E4C00E39269 /* Assets.xcassets in Resources */,
			);
			runOnlyForDeploymentPostprocessing = 0;
		};
		37D086B9234D87DD00E39269 /* Resources */ = {
			isa = PBXResourcesBuildPhase;
			buildActionMask = 2147483647;
			files = (
				37D086C4234D87DD00E39269 /* MainInterface.storyboard in Resources */,
			);
			runOnlyForDeploymentPostprocessing = 0;
		};
/* End PBXResourcesBuildPhase section */

/* Begin PBXShellScriptBuildPhase section */
		4CBF945C8BB4D315C32E3026 /* [CP] Check Pods Manifest.lock */ = {
			isa = PBXShellScriptBuildPhase;
			buildActionMask = 2147483647;
			files = (
			);
			inputFileListPaths = (
			);
			inputPaths = (
				"${PODS_PODFILE_DIR_PATH}/Podfile.lock",
				"${PODS_ROOT}/Manifest.lock",
			);
			name = "[CP] Check Pods Manifest.lock";
			outputFileListPaths = (
			);
			outputPaths = (
				"$(DERIVED_FILE_DIR)/Pods-widget-checkManifestLockResult.txt",
			);
			runOnlyForDeploymentPostprocessing = 0;
			shellPath = /bin/sh;
			shellScript = "diff \"${PODS_PODFILE_DIR_PATH}/Podfile.lock\" \"${PODS_ROOT}/Manifest.lock\" > /dev/null\nif [ $? != 0 ] ; then\n    # print error to STDERR\n    echo \"error: The sandbox is not in sync with the Podfile.lock. Run 'pod install' or update your CocoaPods installation.\" >&2\n    exit 1\nfi\n# This output is used by Xcode 'outputs' to avoid re-running this script phase.\necho \"SUCCESS\" > \"${SCRIPT_OUTPUT_FILE_0}\"\n";
			showEnvVarsInLog = 0;
		};
		6FD9032E90B560ED7D6BA780 /* [CP] Check Pods Manifest.lock */ = {
			isa = PBXShellScriptBuildPhase;
			buildActionMask = 2147483647;
			files = (
			);
			inputFileListPaths = (
			);
			inputPaths = (
				"${PODS_PODFILE_DIR_PATH}/Podfile.lock",
				"${PODS_ROOT}/Manifest.lock",
			);
			name = "[CP] Check Pods Manifest.lock";
			outputFileListPaths = (
			);
			outputPaths = (
				"$(DERIVED_FILE_DIR)/Pods-pills-checkManifestLockResult.txt",
			);
			runOnlyForDeploymentPostprocessing = 0;
			shellPath = /bin/sh;
			shellScript = "diff \"${PODS_PODFILE_DIR_PATH}/Podfile.lock\" \"${PODS_ROOT}/Manifest.lock\" > /dev/null\nif [ $? != 0 ] ; then\n    # print error to STDERR\n    echo \"error: The sandbox is not in sync with the Podfile.lock. Run 'pod install' or update your CocoaPods installation.\" >&2\n    exit 1\nfi\n# This output is used by Xcode 'outputs' to avoid re-running this script phase.\necho \"SUCCESS\" > \"${SCRIPT_OUTPUT_FILE_0}\"\n";
			showEnvVarsInLog = 0;
		};
		84A930CD51AC717892B93FBF /* [CP] Embed Pods Frameworks */ = {
			isa = PBXShellScriptBuildPhase;
			buildActionMask = 2147483647;
			files = (
			);
			inputFileListPaths = (
				"${PODS_ROOT}/Target Support Files/Pods-pills/Pods-pills-frameworks-${CONFIGURATION}-input-files.xcfilelist",
			);
			name = "[CP] Embed Pods Frameworks";
			outputFileListPaths = (
				"${PODS_ROOT}/Target Support Files/Pods-pills/Pods-pills-frameworks-${CONFIGURATION}-output-files.xcfilelist",
			);
			runOnlyForDeploymentPostprocessing = 0;
			shellPath = /bin/sh;
			shellScript = "\"${PODS_ROOT}/Target Support Files/Pods-pills/Pods-pills-frameworks.sh\"\n";
			showEnvVarsInLog = 0;
		};
/* End PBXShellScriptBuildPhase section */

/* Begin PBXSourcesBuildPhase section */
		37D0868D234D5E4800E39269 /* Sources */ = {
			isa = PBXSourcesBuildPhase;
			buildActionMask = 2147483647;
			files = (
				37D08695234D5E4800E39269 /* AppDelegate.swift in Sources */,
				3703D60F2378FEA100C40422 /* Notifications.swift in Sources */,
				3703D6122379097800C40422 /* EditView.swift in Sources */,
				37D086B3234D6CFD00E39269 /* Db.swift in Sources */,
				37D0869C234D5E4800E39269 /* ContentView.swift in Sources */,
				378FCCF0236BAA2E00F311FA /* ItemView.swift in Sources */,
				378FCCF2236BABEE00F311FA /* ItemList.swift in Sources */,
				37D08697234D5E4800E39269 /* SceneDelegate.swift in Sources */,
			);
			runOnlyForDeploymentPostprocessing = 0;
		};
		37D086B7234D87DD00E39269 /* Sources */ = {
			isa = PBXSourcesBuildPhase;
			buildActionMask = 2147483647;
			files = (
				3703D6102378FEA100C40422 /* Notifications.swift in Sources */,
				37D086C1234D87DD00E39269 /* TodayViewController.swift in Sources */,
				3703D6132379097800C40422 /* EditView.swift in Sources */,
				37D086CD234D883F00E39269 /* Db.swift in Sources */,
			);
			runOnlyForDeploymentPostprocessing = 0;
		};
/* End PBXSourcesBuildPhase section */

/* Begin PBXTargetDependency section */
		37D086C7234D87DD00E39269 /* PBXTargetDependency */ = {
			isa = PBXTargetDependency;
			target = 37D086BA234D87DD00E39269 /* widget */;
			targetProxy = 37D086C6234D87DD00E39269 /* PBXContainerItemProxy */;
		};
/* End PBXTargetDependency section */

/* Begin PBXVariantGroup section */
		37D086A2234D5E4C00E39269 /* LaunchScreen.storyboard */ = {
			isa = PBXVariantGroup;
			children = (
				37D086A3234D5E4C00E39269 /* Base */,
			);
			name = LaunchScreen.storyboard;
			sourceTree = "<group>";
		};
		37D086C2234D87DD00E39269 /* MainInterface.storyboard */ = {
			isa = PBXVariantGroup;
			children = (
				37D086C3234D87DD00E39269 /* Base */,
			);
			name = MainInterface.storyboard;
			sourceTree = "<group>";
		};
/* End PBXVariantGroup section */

/* Begin XCBuildConfiguration section */
		37D086A6234D5E4C00E39269 /* Debug */ = {
			isa = XCBuildConfiguration;
			buildSettings = {
				ALWAYS_SEARCH_USER_PATHS = NO;
				CLANG_ANALYZER_NONNULL = YES;
				CLANG_ANALYZER_NUMBER_OBJECT_CONVERSION = YES_AGGRESSIVE;
				CLANG_CXX_LANGUAGE_STANDARD = "gnu++14";
				CLANG_CXX_LIBRARY = "libc++";
				CLANG_ENABLE_MODULES = YES;
				CLANG_ENABLE_OBJC_ARC = YES;
				CLANG_ENABLE_OBJC_WEAK = YES;
				CLANG_WARN_BLOCK_CAPTURE_AUTORELEASING = YES;
				CLANG_WARN_BOOL_CONVERSION = YES;
				CLANG_WARN_COMMA = YES;
				CLANG_WARN_CONSTANT_CONVERSION = YES;
				CLANG_WARN_DEPRECATED_OBJC_IMPLEMENTATIONS = YES;
				CLANG_WARN_DIRECT_OBJC_ISA_USAGE = YES_ERROR;
				CLANG_WARN_DOCUMENTATION_COMMENTS = YES;
				CLANG_WARN_EMPTY_BODY = YES;
				CLANG_WARN_ENUM_CONVERSION = YES;
				CLANG_WARN_INFINITE_RECURSION = YES;
				CLANG_WARN_INT_CONVERSION = YES;
				CLANG_WARN_NON_LITERAL_NULL_CONVERSION = YES;
				CLANG_WARN_OBJC_IMPLICIT_RETAIN_SELF = YES;
				CLANG_WARN_OBJC_LITERAL_CONVERSION = YES;
				CLANG_WARN_OBJC_ROOT_CLASS = YES_ERROR;
				CLANG_WARN_RANGE_LOOP_ANALYSIS = YES;
				CLANG_WARN_STRICT_PROTOTYPES = YES;
				CLANG_WARN_SUSPICIOUS_MOVE = YES;
				CLANG_WARN_UNGUARDED_AVAILABILITY = YES_AGGRESSIVE;
				CLANG_WARN_UNREACHABLE_CODE = YES;
				CLANG_WARN__DUPLICATE_METHOD_MATCH = YES;
				COPY_PHASE_STRIP = NO;
				DEBUG_INFORMATION_FORMAT = dwarf;
				ENABLE_STRICT_OBJC_MSGSEND = YES;
				ENABLE_TESTABILITY = YES;
				GCC_C_LANGUAGE_STANDARD = gnu11;
				GCC_DYNAMIC_NO_PIC = NO;
				GCC_NO_COMMON_BLOCKS = YES;
				GCC_OPTIMIZATION_LEVEL = 0;
				GCC_PREPROCESSOR_DEFINITIONS = (
					"DEBUG=1",
					"$(inherited)",
				);
				GCC_WARN_64_TO_32_BIT_CONVERSION = YES;
				GCC_WARN_ABOUT_RETURN_TYPE = YES_ERROR;
				GCC_WARN_UNDECLARED_SELECTOR = YES;
				GCC_WARN_UNINITIALIZED_AUTOS = YES_AGGRESSIVE;
				GCC_WARN_UNUSED_FUNCTION = YES;
				GCC_WARN_UNUSED_VARIABLE = YES;
				IPHONEOS_DEPLOYMENT_TARGET = 13.1;
				MTL_ENABLE_DEBUG_INFO = INCLUDE_SOURCE;
				MTL_FAST_MATH = YES;
				ONLY_ACTIVE_ARCH = YES;
				SDKROOT = iphoneos;
				SWIFT_ACTIVE_COMPILATION_CONDITIONS = DEBUG;
				SWIFT_OPTIMIZATION_LEVEL = "-Onone";
			};
			name = Debug;
		};
		37D086A7234D5E4C00E39269 /* Release */ = {
			isa = XCBuildConfiguration;
			buildSettings = {
				ALWAYS_SEARCH_USER_PATHS = NO;
				CLANG_ANALYZER_NONNULL = YES;
				CLANG_ANALYZER_NUMBER_OBJECT_CONVERSION = YES_AGGRESSIVE;
				CLANG_CXX_LANGUAGE_STANDARD = "gnu++14";
				CLANG_CXX_LIBRARY = "libc++";
				CLANG_ENABLE_MODULES = YES;
				CLANG_ENABLE_OBJC_ARC = YES;
				CLANG_ENABLE_OBJC_WEAK = YES;
				CLANG_WARN_BLOCK_CAPTURE_AUTORELEASING = YES;
				CLANG_WARN_BOOL_CONVERSION = YES;
				CLANG_WARN_COMMA = YES;
				CLANG_WARN_CONSTANT_CONVERSION = YES;
				CLANG_WARN_DEPRECATED_OBJC_IMPLEMENTATIONS = YES;
				CLANG_WARN_DIRECT_OBJC_ISA_USAGE = YES_ERROR;
				CLANG_WARN_DOCUMENTATION_COMMENTS = YES;
				CLANG_WARN_EMPTY_BODY = YES;
				CLANG_WARN_ENUM_CONVERSION = YES;
				CLANG_WARN_INFINITE_RECURSION = YES;
				CLANG_WARN_INT_CONVERSION = YES;
				CLANG_WARN_NON_LITERAL_NULL_CONVERSION = YES;
				CLANG_WARN_OBJC_IMPLICIT_RETAIN_SELF = YES;
				CLANG_WARN_OBJC_LITERAL_CONVERSION = YES;
				CLANG_WARN_OBJC_ROOT_CLASS = YES_ERROR;
				CLANG_WARN_RANGE_LOOP_ANALYSIS = YES;
				CLANG_WARN_STRICT_PROTOTYPES = YES;
				CLANG_WARN_SUSPICIOUS_MOVE = YES;
				CLANG_WARN_UNGUARDED_AVAILABILITY = YES_AGGRESSIVE;
				CLANG_WARN_UNREACHABLE_CODE = YES;
				CLANG_WARN__DUPLICATE_METHOD_MATCH = YES;
				COPY_PHASE_STRIP = NO;
				DEBUG_INFORMATION_FORMAT = "dwarf-with-dsym";
				ENABLE_NS_ASSERTIONS = NO;
				ENABLE_STRICT_OBJC_MSGSEND = YES;
				GCC_C_LANGUAGE_STANDARD = gnu11;
				GCC_NO_COMMON_BLOCKS = YES;
				GCC_WARN_64_TO_32_BIT_CONVERSION = YES;
				GCC_WARN_ABOUT_RETURN_TYPE = YES_ERROR;
				GCC_WARN_UNDECLARED_SELECTOR = YES;
				GCC_WARN_UNINITIALIZED_AUTOS = YES_AGGRESSIVE;
				GCC_WARN_UNUSED_FUNCTION = YES;
				GCC_WARN_UNUSED_VARIABLE = YES;
				IPHONEOS_DEPLOYMENT_TARGET = 13.1;
				MTL_ENABLE_DEBUG_INFO = NO;
				MTL_FAST_MATH = YES;
				SDKROOT = iphoneos;
				SWIFT_COMPILATION_MODE = wholemodule;
				SWIFT_OPTIMIZATION_LEVEL = "-O";
				VALIDATE_PRODUCT = YES;
			};
			name = Release;
		};
		37D086A9234D5E4C00E39269 /* Debug */ = {
			isa = XCBuildConfiguration;
			baseConfigurationReference = 1CB3A6814A6D60320CAE66BD /* Pods-pills.debug.xcconfig */;
			buildSettings = {
				ALWAYS_EMBED_SWIFT_STANDARD_LIBRARIES = YES;
				ASSETCATALOG_COMPILER_APPICON_NAME = AppIcon;
				CODE_SIGN_ENTITLEMENTS = pills/pills.entitlements;
				CODE_SIGN_STYLE = Automatic;
				DEVELOPMENT_ASSET_PATHS = "\"pills/Preview Content\"";
				DEVELOPMENT_TEAM = 84476NUWZH;
				ENABLE_PREVIEWS = YES;
				INFOPLIST_FILE = pills/Info.plist;
				LD_RUNPATH_SEARCH_PATHS = (
					"$(inherited)",
					"@executable_path/Frameworks",
				);
				PRODUCT_BUNDLE_IDENTIFIER = com.pourhadi.pillstaken;
				PRODUCT_NAME = "$(TARGET_NAME)";
				SWIFT_VERSION = 5.0;
				TARGETED_DEVICE_FAMILY = "1,2";
			};
			name = Debug;
		};
		37D086AA234D5E4C00E39269 /* Release */ = {
			isa = XCBuildConfiguration;
			baseConfigurationReference = 64B6A2275D57843FF4A8F310 /* Pods-pills.release.xcconfig */;
			buildSettings = {
				ALWAYS_EMBED_SWIFT_STANDARD_LIBRARIES = YES;
				ASSETCATALOG_COMPILER_APPICON_NAME = AppIcon;
				CODE_SIGN_ENTITLEMENTS = pills/pills.entitlements;
				CODE_SIGN_STYLE = Automatic;
				DEVELOPMENT_ASSET_PATHS = "\"pills/Preview Content\"";
				DEVELOPMENT_TEAM = 84476NUWZH;
				ENABLE_PREVIEWS = YES;
				INFOPLIST_FILE = pills/Info.plist;
				LD_RUNPATH_SEARCH_PATHS = (
					"$(inherited)",
					"@executable_path/Frameworks",
				);
				PRODUCT_BUNDLE_IDENTIFIER = com.pourhadi.pillstaken;
				PRODUCT_NAME = "$(TARGET_NAME)";
				SWIFT_VERSION = 5.0;
				TARGETED_DEVICE_FAMILY = "1,2";
			};
			name = Release;
		};
		37D086CA234D87DD00E39269 /* Debug */ = {
			isa = XCBuildConfiguration;
			baseConfigurationReference = A04ABF789ABC27BB4C810C91 /* Pods-widget.debug.xcconfig */;
			buildSettings = {
				CODE_SIGN_ENTITLEMENTS = widget/pillswidget.entitlements;
				CODE_SIGN_STYLE = Automatic;
				DEVELOPMENT_TEAM = 84476NUWZH;
				INFOPLIST_FILE = widget/Info.plist;
				LD_RUNPATH_SEARCH_PATHS = (
					"$(inherited)",
					"@executable_path/Frameworks",
					"@executable_path/../../Frameworks",
				);
				PRODUCT_BUNDLE_IDENTIFIER = com.pourhadi.pillstaken.widget;
				PRODUCT_NAME = "pills widget";
				SKIP_INSTALL = YES;
				SWIFT_VERSION = 5.0;
				TARGETED_DEVICE_FAMILY = "1,2";
			};
			name = Debug;
		};
		37D086CB234D87DD00E39269 /* Release */ = {
			isa = XCBuildConfiguration;
			baseConfigurationReference = CE48B229BB3B8BEAD0882255 /* Pods-widget.release.xcconfig */;
			buildSettings = {
				CODE_SIGN_ENTITLEMENTS = widget/pillswidget.entitlements;
				CODE_SIGN_STYLE = Automatic;
				DEVELOPMENT_TEAM = 84476NUWZH;
				INFOPLIST_FILE = widget/Info.plist;
				LD_RUNPATH_SEARCH_PATHS = (
					"$(inherited)",
					"@executable_path/Frameworks",
					"@executable_path/../../Frameworks",
				);
				PRODUCT_BUNDLE_IDENTIFIER = com.pourhadi.pillstaken.widget;
				PRODUCT_NAME = "pills widget";
				SKIP_INSTALL = YES;
				SWIFT_VERSION = 5.0;
				TARGETED_DEVICE_FAMILY = "1,2";
			};
			name = Release;
		};
/* End XCBuildConfiguration section */

/* Begin XCConfigurationList section */
		37D0868C234D5E4800E39269 /* Build configuration list for PBXProject "pills" */ = {
			isa = XCConfigurationList;
			buildConfigurations = (
				37D086A6234D5E4C00E39269 /* Debug */,
				37D086A7234D5E4C00E39269 /* Release */,
			);
			defaultConfigurationIsVisible = 0;
			defaultConfigurationName = Release;
		};
		37D086A8234D5E4C00E39269 /* Build configuration list for PBXNativeTarget "pills" */ = {
			isa = XCConfigurationList;
			buildConfigurations = (
				37D086A9234D5E4C00E39269 /* Debug */,
				37D086AA234D5E4C00E39269 /* Release */,
			);
			defaultConfigurationIsVisible = 0;
			defaultConfigurationName = Release;
		};
		37D086C9234D87DD00E39269 /* Build configuration list for PBXNativeTarget "widget" */ = {
			isa = XCConfigurationList;
			buildConfigurations = (
				37D086CA234D87DD00E39269 /* Debug */,
				37D086CB234D87DD00E39269 /* Release */,
			);
			defaultConfigurationIsVisible = 0;
			defaultConfigurationName = Release;
		};
/* End XCConfigurationList section */

/* Begin XCRemoteSwiftPackageReference section */
		37D086AF234D6CE000E39269 /* XCRemoteSwiftPackageReference "GRDB.swift" */ = {
			isa = XCRemoteSwiftPackageReference;
			repositoryURL = "https://github.com/groue/GRDB.swift.git";
			requirement = {
				kind = upToNextMajorVersion;
				minimumVersion = 4.4.0;
			};
		};
		37D086B4234D73B200E39269 /* XCRemoteSwiftPackageReference "SwiftDate" */ = {
			isa = XCRemoteSwiftPackageReference;
			repositoryURL = "https://github.com/malcommac/SwiftDate.git";
			requirement = {
				kind = upToNextMajorVersion;
				minimumVersion = 6.1.0;
			};
		};
/* End XCRemoteSwiftPackageReference section */

/* Begin XCSwiftPackageProductDependency section */
		37D086B0234D6CE000E39269 /* GRDB */ = {
			isa = XCSwiftPackageProductDependency;
			package = 37D086AF234D6CE000E39269 /* XCRemoteSwiftPackageReference "GRDB.swift" */;
			productName = GRDB;
		};
		37D086CE234D885F00E39269 /* GRDB */ = {
			isa = XCSwiftPackageProductDependency;
			package = 37D086AF234D6CE000E39269 /* XCRemoteSwiftPackageReference "GRDB.swift" */;
			productName = GRDB;
		};
/* End XCSwiftPackageProductDependency section */
	};
	rootObject = 37D08689234D5E4800E39269 /* Project object */;
}
